<?xml version="1.0" encoding="utf-8"?>
<Project ToolsVersion="4.0" xmlns="http://schemas.microsoft.com/developer/msbuild/2003">
  <ItemGroup>
    <Filter Include="Main">
      <UniqueIdentifier>{8a903024-5f7a-404d-ba9c-6a9f7bf5e4fa}</UniqueIdentifier>
    </Filter>
    <Filter Include="GFx3">
      <UniqueIdentifier>{2cd0152b-1649-4724-8904-37e3e1b5d8f0}</UniqueIdentifier>
    </Filter>
    <Filter Include="Lobby2">
      <UniqueIdentifier>{7b0a16ce-46df-42c3-9d65-514ade8c8d9a}</UniqueIdentifier>
    </Filter>
    <Filter Include="RoomsPlugin">
      <UniqueIdentifier>{7752b3dd-83e8-4641-995e-32557329d040}</UniqueIdentifier>
    </Filter>
  </ItemGroup>
  <ItemGroup>
    <ClCompile Include="..\RoomsBrowserGFx3.cpp">
      <Filter>Main</Filter>
    </ClCompile>
    <ClCompile Include="RoomsBrowserGFx3_RakNet.cpp">
      <Filter>Main</Filter>
    </ClCompile>
    <ClCompile Include="..\..\..\DependentExtensions\XML\xmlParser.cpp">
      <Filter>Main</Filter>
    </ClCompile>
    <ClCompile Include="..\GFxPlayerTinyD3D9.cpp">
      <Filter>GFx3</Filter>
    </ClCompile>
    <ClCompile Include="..\..\..\DependentExtensions\Lobby2\Rooms\IntervalTimer.cpp">
      <Filter>RoomsPlugin</Filter>
    </ClCompile>
    <ClCompile Include="..\..\..\DependentExtensions\Lobby2\Rooms\ProfanityFilter.cpp">
      <Filter>RoomsPlugin</Filter>
    </ClCompile>
    <ClCompile Include="..\..\..\DependentExtensions\Lobby2\Rooms\RoomsContainer.cpp">
      <Filter>RoomsPlugin</Filter>
    </ClCompile>
    <ClCompile Include="..\..\..\DependentExtensions\Lobby2\Rooms\RoomsErrorCodes.cpp">
      <Filter>RoomsPlugin</Filter>
    </ClCompile>
    <ClCompile Include="..\..\..\DependentExtensions\Lobby2\Rooms\RoomsPlugin.cpp">
      <Filter>RoomsPlugin</Filter>
    </ClCompile>
    <ClCompile Include="..\..\..\DependentExtensions\Lobby2\Rooms\RoomTypes.cpp">
      <Filter>RoomsPlugin</Filter>
    </ClCompile>
  </ItemGroup>
  <ItemGroup>
    <ClInclude Include="..\RoomsBrowserGFx3.h">
      <Filter>Main</Filter>
    </ClInclude>
    <ClInclude Include="RoomsBrowserGFx3_RakNet.h">
      <Filter>Main</Filter>
    </ClInclude>
    <ClInclude Include="..\..\..\DependentExtensions\XML\xmlParser.h">
      <Filter>Main</Filter>
    </ClInclude>
    <ClInclude Include="..\..\..\DependentExtensions\Lobby2\Rooms\IntervalTimer.h">
      <Filter>RoomsPlugin</Filter>
    </ClInclude>
    <ClInclude Include="..\..\..\DependentExtensions\Lobby2\Rooms\ProfanityFilter.h">
      <Filter>RoomsPlugin</Filter>
    </ClInclude>
    <ClInclude Include="..\..\..\DependentExtensions\Lobby2\Rooms\RoomsContainer.h">
      <Filter>RoomsPlugin</Filter>
    </ClInclude>
    <ClInclude Include="..\..\..\DependentExtensions\Lobby2\Rooms\RoomsErrorCodes.h">
      <Filter>RoomsPlugin</Filter>
    </ClInclude>
    <ClInclude Include="..\..\..\DependentExtensions\Lobby2\Rooms\RoomsPlugin.h">
      <Filter>RoomsPlugin</Filter>
    </ClInclude>
    <ClInclude Include="..\..\..\DependentExtensions\Lobby2\Rooms\RoomTypes.h">
      <Filter>RoomsPlugin</Filter>
    </ClInclude>
  </ItemGroup>
  <ItemGroup>
    <Text Include="readme.txt" />
  </ItemGroup>
</Project>